DEPENDENCIES
  btrbk
    path: site-cookbooks/btrbk
  debconf
    git: https://github.com/ophymx/debconf.git
    revision: eab415649ba9a5ab9ab348ae098bf6bbf04cfdff
  dnscrypt_proxy
    path: site-cookbooks/dnscrypt_proxy
  gnome
    path: site-cookbooks/gnome
  hardening
    path: site-cookbooks/hardening
  marvin
    path: site-cookbooks/marvin
  openvpn
    path: site-cookbooks/openvpn
  pleaserun
    git: https://github.com/mjuarez/chef-pleaserun.git
    revision: e104c998f064879afaab4ba89b779434de38c83c
  profile_sync_daemon
    path: site-cookbooks/profile_sync_daemon
  pyenv
    git: https://github.com/sds/chef-pyenv.git
    revision: 89600c35ea1b5f3de3c9330a80dc62d4021cfd17
  syncthing
    path: site-cookbooks/syncthing
  ubik
    path: site-cookbooks/ubik
  upik
    path: site-cookbooks/upik
  user
    path: site-cookbooks/user

GRAPH
  apt (7.0.0)
  ark (3.1.0)
    build-essential (>= 0.0.0)
    seven_zip (>= 0.0.0)
    windows (>= 0.0.0)
  btrbk (0.1.0)
  build-essential (8.1.1)
    mingw (>= 1.1)
    seven_zip (>= 0.0.0)
  chef_client_updater (3.3.3)
  compat_resource (12.19.1)
  debconf (0.0.1)
  dnscrypt_proxy (0.1.0)
  git (9.0.0)
    build-essential (>= 5.0.0)
  gnome (0.1.0)
  hardening (0.1.0)
    os-hardening (>= 0.0.0)
    ssh-hardening (>= 0.0.0)
  homebrew (5.0.4)
  java (1.50.0)
    apt (>= 0.0.0)
    homebrew (>= 0.0.0)
    windows (>= 0.0.0)
  marvin (0.1.0)
    dnscrypt_proxy (>= 0.0.0)
    git (>= 0.0.0)
    nginx (>= 0.0.0)
    nodejs (>= 0.0.0)
    oauth2_proxy (>= 0.0.0)
    openvpn (>= 0.0.0)
    plex (>= 0.0.0)
    poise-python (>= 0.0.0)
  mingw (2.0.2)
    seven_zip (>= 0.0.0)
  nginx (8.1.2)
    build-essential (>= 0.0.0)
    ohai (>= 4.1.0)
    yum-epel (>= 0.0.0)
    zypper (>= 0.0.0)
  nodejs (5.0.0)
    ark (>= 2.0.2)
    build-essential (>= 0.0.0)
  oauth2_proxy (0.0.8)
    ark (>= 0.0.0)
    pleaserun (>= 0.0.0)
  ohai (5.2.2)
  openvpn (0.1.0)
  os-hardening (3.0.0)
    compat_resource (>= 12.16.3)
    sysctl (<= 0.9.0)
  pleaserun (0.1.1)
  plex (0.2.3)
  poise (2.8.1)
  poise-archive (1.5.0)
    poise (~> 2.6)
  poise-languages (2.1.2)
    poise (~> 2.5)
    poise-archive (~> 1.0)
  poise-python (1.7.0)
    poise (~> 2.7)
    poise-languages (~> 2.0)
  profile_sync_daemon (0.1.0)
    apt (>= 0.0.0)
  pyenv (0.2.0)
  ruby_build (1.1.0)
    git (>= 0.0.0)
    yum-epel (>= 0.0.0)
  ruby_rbenv (1.2.1)
    ruby_build (>= 1.1.0)
  seven_zip (2.0.2)
    windows (>= 1.2.2)
  ssh-hardening (2.3.1)
  ssh_authorized_keys (0.4.0)
  ssh_known_hosts (6.1.1)
  sudo (5.4.0)
  syncthing (0.1.0)
  sysctl (0.9.0)
    ohai (>= 4.0)
  ubik (0.1.0)
    debconf (>= 0.0.0)
    dnscrypt_proxy (>= 0.0.0)
    git (>= 0.0.0)
    java (>= 0.0.0)
    pyenv (>= 0.0.0)
    ruby_build (>= 0.0.0)
    ruby_rbenv (< 2.0.0)
    sudo (>= 0.0.0)
    user (>= 0.0.0)
  upik (0.1.0)
    apt (>= 0.0.0)
    btrbk (>= 0.0.0)
    chef_client_updater (>= 0.0.0)
    dnscrypt_proxy (>= 0.0.0)
  user (0.1.0)
    git (>= 0.0.0)
    gnome (>= 0.0.0)
    ssh_authorized_keys (>= 0.0.0)
    ssh_known_hosts (>= 0.0.0)
    sudo (>= 0.0.0)
  windows (4.2.2)
  yum-epel (3.1.0)
  zypper (0.4.0)
