DEPENDENCIES
  beelzebot
    path: site-cookbooks/beelzebot
  bender
    path: site-cookbooks/bender
  btrbk
    path: site-cookbooks/btrbk
  debconf
    git: https://github.com/ophymx/debconf.git
    revision: eab415649ba9a5ab9ab348ae098bf6bbf04cfdff
  dnscrypt_proxy
    path: site-cookbooks/dnscrypt_proxy
  flexo
    path: site-cookbooks/flexo
  gnome
    path: site-cookbooks/gnome
  hardening
    path: site-cookbooks/hardening
  lxd
    path: site-cookbooks/lxd
  marvin
    path: site-cookbooks/marvin
  openvpn
    path: site-cookbooks/openvpn
  pentolino
    path: site-cookbooks/pentolino
  pleaserun
    git: https://github.com/mjuarez/chef-pleaserun.git
    revision: e104c998f064879afaab4ba89b779434de38c83c
  plex
    git: https://github.com/gbagnoli/plex
    revision: 1ac249372af997a9d99e038f7138a158ab10782b
    branch: new_release_url
  profile_sync_daemon
    path: site-cookbooks/profile_sync_daemon
  rclone
    path: site-cookbooks/rclone
  ruby_rbenv
    git: https://github.com/gbagnoli/ruby_rbenv
    revision: 969b9e7a2fad8637f3221cbb8c0db11aef6d0d8a
    branch: ubuntu_20.04
  server
    path: site-cookbooks/server
  syncthing
    path: site-cookbooks/syncthing
  ubik
    path: site-cookbooks/ubik
  upik
    path: site-cookbooks/upik
  user
    path: site-cookbooks/user
  yubico
    path: site-cookbooks/yubico

GRAPH
  acme (4.1.2)
  apt (7.3.0)
  ark (5.0.0)
    seven_zip (>= 0.0.0)
  beelzebot (0.1.0)
    git (>= 0.0.0)
    logrotate (>= 0.0.0)
    nginx (>= 0.0.0)
    nodejs (>= 0.0.0)
    server (>= 0.0.0)
  bender (0.1.0)
    acme (>= 0.0.0)
    apt (>= 0.0.0)
    datadog (>= 0.0.0)
    dnscrypt_proxy (>= 0.0.0)
    hostsfile (>= 0.0.0)
    lxd (>= 0.0.0)
    nginx (>= 0.0.0)
  btrbk (0.1.0)
  build-essential (8.2.1)
    mingw (>= 1.1)
    seven_zip (>= 0.0.0)
  chef_client_updater (3.11.1)
  chef_handler (3.0.3)
  chocolatey (3.0.0)
  datadog (3.5.1)
    apt (>= 0.0.0)
    chef_handler (>= 1.2)
    yum (>= 3.0)
  debconf (0.0.1)
  dnscrypt_proxy (0.1.0)
  facl (0.2.0)
  flexo (0.1.0)
    git (>= 0.0.0)
    logrotate (>= 0.0.0)
    nginx (>= 0.0.0)
    nodejs (>= 0.0.0)
    plex (>= 0.0.0)
    poise-python (>= 0.0.0)
    rclone (>= 0.0.0)
    server (>= 0.0.0)
  git (10.1.0)
  gnome (0.1.0)
  hardening (0.1.0)
    os-hardening (>= 0.0.0)
    ssh-hardening (>= 0.0.0)
  homebrew (5.1.0)
  hostsfile (3.0.1)
  java (8.4.0)
    line (>= 0.0.0)
  limits (1.0.0)
  line (2.9.1)
  logrotate (2.2.3)
  lxd (0.1.0)
    limits (< 2.0.0)
  marvin (0.1.0)
    dnscrypt_proxy (>= 0.0.0)
    logrotate (>= 0.0.0)
    nginx (< 10)
    nodejs (>= 0.0.0)
    openvpn (>= 0.0.0)
    server (>= 0.0.0)
  mingw (2.1.1)
    seven_zip (>= 0.0.0)
  nginx (9.0.0)
    build-essential (>= 5.0)
    ohai (>= 4.1.0)
    yum-epel (>= 0.0.0)
  nodejs (7.3.0)
    ark (>= 2.0.2)
    chocolatey (>= 3.0)
  oauth2_proxy (1.0.0)
    ark (>= 0.0.0)
  ohai (5.3.0)
  openvpn (0.1.0)
  os-hardening (4.0.0)
  pentolino (0.1.0)
    dnscrypt_proxy (>= 0.0.0)
    logrotate (>= 0.0.0)
    nginx (>= 0.0.0)
    openvpn (>= 0.0.0)
  pleaserun (0.1.1)
  plex (0.2.4)
  poise (2.8.2)
  poise-archive (1.5.0)
    poise (~> 2.6)
  poise-languages (2.1.2)
    poise (~> 2.5)
    poise-archive (~> 1.0)
  poise-python (1.7.0)
    poise (~> 2.7)
    poise-languages (~> 2.0)
  profile_sync_daemon (0.1.0)
    apt (>= 0.0.0)
  pyenv (3.3.2)
  rclone (0.1.0)
  ruby_build (2.1.1)
    homebrew (>= 0.0.0)
    yum-centos (>= 0.0.0)
    yum-epel (>= 0.0.0)
  ruby_rbenv (2.4.1)
  server (0.1.0)
    apt (>= 0.0.0)
    chef_client_updater (>= 0.0.0)
    datadog (< 4.0.0)
    hardening (>= 0.0.0)
    logrotate (>= 0.0.0)
    oauth2_proxy (>= 0.0.0)
    ohai (>= 0.0.0)
    sudo (>= 0.0.0)
    syncthing (>= 0.0.0)
    user (>= 0.0.0)
  seven_zip (3.1.2)
    windows (>= 0.0.0)
  ssh-hardening (2.9.0)
  ssh_authorized_keys (1.0.0)
  ssh_known_hosts (7.0.0)
  sudo (5.4.6)
  syncthing (0.1.0)
  ubik (0.1.0)
    ark (>= 0.0.0)
    debconf (>= 0.0.0)
    facl (>= 0.0.0)
    git (>= 0.0.0)
    gnome (>= 0.0.0)
    java (>= 0.0.0)
    pyenv (>= 0.0.0)
    ruby_build (>= 0.0.0)
    ruby_rbenv (>= 0.0.0)
    sudo (>= 0.0.0)
    user (>= 0.0.0)
    yubico (>= 0.0.0)
  upik (0.1.0)
    apt (>= 0.0.0)
    btrbk (>= 0.0.0)
    chef_client_updater (>= 0.0.0)
    dnscrypt_proxy (>= 0.0.0)
  user (0.1.0)
    git (>= 0.0.0)
    gnome (>= 0.0.0)
    ssh_authorized_keys (>= 0.0.0)
    ssh_known_hosts (>= 0.0.0)
    sudo (>= 0.0.0)
  windows (7.0.2)
  yubico (0.1.0)
  yum (5.1.0)
  yum-centos (4.0.2)
  yum-epel (3.3.0)
