DEPENDENCIES
  argonone
    path: site-cookbooks/argonone
  beelzebot
    path: site-cookbooks/beelzebot
  bender
    path: site-cookbooks/bender
  btrbk
    path: site-cookbooks/btrbk
  calculon
    path: site-cookbooks/calculon
  debconf
    git: https://github.com/ophymx/debconf.git
    revision: eab415649ba9a5ab9ab348ae098bf6bbf04cfdff
  dnscrypt_proxy
    path: site-cookbooks/dnscrypt_proxy
  flexo
    path: site-cookbooks/flexo
  gnome
    path: site-cookbooks/gnome
  hardening
    path: site-cookbooks/hardening
  kitty
    path: site-cookbooks/kitty
  lxd
    path: site-cookbooks/lxd
  marvin
    path: site-cookbooks/marvin
  minecraft
    path: site-cookbooks/minecraft
  oauth2_proxy
    git: https://github.com/gbagnoli/cookbook-oauth2_proxy
    revision: 715274b5560e880fa68c5c643f0a0d6adc018a70
  openvpn
    path: site-cookbooks/openvpn
  pleaserun
    git: https://github.com/mjuarez/chef-pleaserun.git
    revision: e104c998f064879afaab4ba89b779434de38c83c
  plex
    git: https://github.com/gbagnoli/plex
    revision: 1ac249372af997a9d99e038f7138a158ab10782b
    branch: new_release_url
  podman
    path: site-cookbooks/podman
  podman_nginx
    path: site-cookbooks/podman_nginx
  profile_sync_daemon
    path: site-cookbooks/profile_sync_daemon
  pyenv (>= 4.2.0)
  rclone
    path: site-cookbooks/rclone
  ruby_rbenv
    git: https://github.com/gbagnoli/ruby_rbenv
    revision: 969b9e7a2fad8637f3221cbb8c0db11aef6d0d8a
    branch: ubuntu_20.04
  rupik
    path: site-cookbooks/rupik
  server
    path: site-cookbooks/server
  seven_zip (<= 3.2.2)
  syncthing
    path: site-cookbooks/syncthing
  tailscale
    path: site-cookbooks/tailscale
  ubik
    path: site-cookbooks/ubik
  user
    path: site-cookbooks/user
  yubico
    path: site-cookbooks/yubico

GRAPH
  acme (4.1.6)
  apt (7.5.22)
  argonone (0.1.0)
  ark (6.0.29)
    seven_zip (>= 3.1)
  beelzebot (0.1.0)
    git (>= 0.0.0)
    logrotate (>= 0.0.0)
    nginx (>= 0.0.0)
    nodejs (>= 0.0.0)
    server (>= 0.0.0)
  bender (0.1.0)
    acme (>= 0.0.0)
    datadog (>= 0.0.0)
    dnscrypt_proxy (>= 0.0.0)
    flexo (>= 0.0.0)
    hostsfile (>= 0.0.0)
    lxd (>= 0.0.0)
    nginx (>= 0.0.0)
  btrbk (0.1.0)
  calculon (0.1.0)
    btrbk (>= 0.0.0)
    datadog (>= 0.0.0)
    hostsfile (>= 0.0.0)
    logrotate (>= 0.0.0)
    podman (>= 0.0.0)
    podman_nginx (>= 0.0.0)
    tailscale (>= 0.0.0)
    yum-elrepo (>= 0.0.0)
    yum-epel (>= 0.0.0)
  chef_client_updater (3.12.3)
  chocolatey (3.0.0)
  datadog (4.19.0)
    apt (>= 0.0.0)
    yum (>= 3.0)
  debconf (0.0.1)
  dnscrypt_proxy (0.1.0)
  flatpak (1.0.1)
  flexo (0.1.0)
    git (>= 0.0.0)
    logrotate (>= 0.0.0)
    nginx (>= 0.0.0)
    nodejs (>= 0.0.0)
    plex (>= 0.0.0)
    rclone (>= 0.0.0)
    server (>= 0.0.0)
  git (12.1.5)
    ark (>= 0.0.0)
  gnome (0.1.0)
  hardening (0.1.0)
    os-hardening (>= 0.0.0)
    ssh-hardening (>= 0.0.0)
  homebrew (5.4.8)
  hostsfile (3.0.1)
  java (12.0.5)
    line (>= 0.0.0)
  kitty (0.1.0)
    ark (>= 0.0.0)
    gnome (>= 0.0.0)
  limits (2.3.0)
  line (4.5.19)
  logrotate (3.0.25)
  lxd (0.1.0)
    limits (>= 0.0.0)
  marvin (0.1.0)
    dnscrypt_proxy (>= 0.0.0)
    logrotate (>= 0.0.0)
    nginx (>= 0.0.0)
    nodejs (>= 0.0.0)
    openvpn (>= 0.0.0)
    server (>= 0.0.0)
  minecraft (0.1.0)
    java (>= 0.0.0)
  nginx (12.2.9)
  nodejs (10.1.18)
    ark (>= 2.0.2)
    chocolatey (>= 3.0)
    yum (>= 7.2)
  oauth2_proxy (1.0.0)
    ark (>= 0.0.0)
  ohai (5.3.1)
  openvpn (0.1.0)
  os-hardening (4.2.0)
  pleaserun (0.1.1)
  plex (0.2.4)
  podman (0.2.0)
  podman_nginx (0.1.0)
    logrotate (>= 0.0.0)
  profile_sync_daemon (0.1.0)
  pyenv (4.2.7)
  rclone (0.1.0)
  ruby_build (2.5.9)
    homebrew (>= 0.0.0)
    yum-epel (>= 0.0.0)
  ruby_rbenv (2.4.1)
  rupik (0.1.0)
    argonone (>= 0.0.0)
    btrbk (>= 0.0.0)
    podman (>= 0.0.0)
    podman_nginx (>= 0.0.0)
    syncthing (>= 0.0.0)
    tailscale (>= 0.0.0)
  server (0.1.0)
    chef_client_updater (>= 0.0.0)
    datadog (>= 0.0.0)
    hardening (>= 0.0.0)
    logrotate (>= 0.0.0)
    oauth2_proxy (>= 0.0.0)
    ohai (>= 0.0.0)
    sudo (>= 0.0.0)
    user (>= 0.0.0)
  seven_zip (3.2.0)
    windows (>= 0.0.0)
  ssh-hardening (2.9.0)
  ssh_authorized_keys (1.0.0)
  ssh_known_hosts (7.0.0)
  sudo (5.4.7)
  syncthing (0.1.0)
  tailscale (0.1.0)
    podman (>= 0.0.0)
  ubik (0.1.0)
    ark (>= 0.0.0)
    debconf (>= 0.0.0)
    flatpak (>= 0.0.0)
    git (>= 0.0.0)
    gnome (>= 0.0.0)
    java (>= 0.0.0)
    kitty (>= 0.0.0)
    pyenv (>= 0.0.0)
    ruby_build (>= 0.0.0)
    ruby_rbenv (>= 0.0.0)
    sudo (>= 0.0.0)
    user (>= 0.0.0)
    yubico (>= 0.0.0)
  user (0.1.0)
    git (>= 0.0.0)
    gnome (>= 0.0.0)
    ssh_authorized_keys (>= 0.0.0)
    ssh_known_hosts (>= 0.0.0)
    sudo (>= 0.0.0)
  windows (7.0.2)
  yubico (0.1.0)
  yum (7.4.17)
  yum-elrepo (2.2.10)
  yum-epel (5.0.8)
